
Microsoft Visual Studio Solution File, Format Version 12.00
# Visual Studio 15
VisualStudioVersion = 15.0.28307.489
MinimumVisualStudioVersion = 10.0.40219.1
Project("{8BC9CEB8-8B4A-11D0-8D11-00A0C91BC942}") = "cluster", "cluster\cluster.vcxproj", "{F27322EC-73C0-44E2-8527-6888A861EABA}"
EndProject
Project("{8BC9CEB8-8B4A-11D0-8D11-00A0C91BC942}") = "ClusterTest", "ClusterTest\ClusterTest.vcxproj", "{D731FA7F-A3F6-43B1-84FC-B97274E146B2}"
EndProject
Project("{8BC9CEB8-8B4A-11D0-8D11-00A0C91BC942}") = "gtest", "gtest\gtest.vcxproj", "{60932AFC-7808-48B7-B3BF-F2BC151C0065}"
EndProject
Global
	GlobalSection(SolutionConfigurationPlatforms) = preSolution
		Debug|x64 = Debug|x64
		Debug|x86 = Debug|x86
		Release|x64 = Release|x64
		Release|x86 = Release|x86
	EndGlobalSection
	GlobalSection(ProjectConfigurationPlatforms) = postSolution
		{F27322EC-73C0-44E2-8527-6888A861EABA}.Debug|x64.ActiveCfg = Debug|x64
		{F27322EC-73C0-44E2-8527-6888A861EABA}.Debug|x64.Build.0 = Debug|x64
		{F27322EC-73C0-44E2-8527-6888A861EABA}.Debug|x86.ActiveCfg = Debug|Win32
		{F27322EC-73C0-44E2-8527-6888A861EABA}.Debug|x86.Build.0 = Debug|Win32
		{F27322EC-73C0-44E2-8527-6888A861EABA}.Release|x64.ActiveCfg = Release|x64
		{F27322EC-73C0-44E2-8527-6888A861EABA}.Release|x64.Build.0 = Release|x64
		{F27322EC-73C0-44E2-8527-6888A861EABA}.Release|x86.ActiveCfg = Release|Win32
		{F27322EC-73C0-44E2-8527-6888A861EABA}.Release|x86.Build.0 = Release|Win32
		{D731FA7F-A3F6-43B1-84FC-B97274E146B2}.Debug|x64.ActiveCfg = Debug|x64
		{D731FA7F-A3F6-43B1-84FC-B97274E146B2}.Debug|x64.Build.0 = Debug|x64
		{D731FA7F-A3F6-43B1-84FC-B97274E146B2}.Debug|x86.ActiveCfg = Debug|Win32
		{D731FA7F-A3F6-43B1-84FC-B97274E146B2}.Debug|x86.Build.0 = Debug|Win32
		{D731FA7F-A3F6-43B1-84FC-B97274E146B2}.Release|x64.ActiveCfg = Release|x64
		{D731FA7F-A3F6-43B1-84FC-B97274E146B2}.Release|x64.Build.0 = Release|x64
		{D731FA7F-A3F6-43B1-84FC-B97274E146B2}.Release|x86.ActiveCfg = Release|Win32
		{D731FA7F-A3F6-43B1-84FC-B97274E146B2}.Release|x86.Build.0 = Release|Win32
		{60932AFC-7808-48B7-B3BF-F2BC151C0065}.Debug|x64.ActiveCfg = Debug|Win32
		{60932AFC-7808-48B7-B3BF-F2BC151C0065}.Debug|x86.ActiveCfg = Debug|Win32
		{60932AFC-7808-48B7-B3BF-F2BC151C0065}.Debug|x86.Build.0 = Debug|Win32
		{60932AFC-7808-48B7-B3BF-F2BC151C0065}.Release|x64.ActiveCfg = Release|Win32
		{60932AFC-7808-48B7-B3BF-F2BC151C0065}.Release|x86.ActiveCfg = Release|Win32
		{60932AFC-7808-48B7-B3BF-F2BC151C0065}.Release|x86.Build.0 = Release|Win32
	EndGlobalSection
	GlobalSection(SolutionProperties) = preSolution
		HideSolutionNode = FALSE
	EndGlobalSection
	GlobalSection(ExtensibilityGlobals) = postSolution
		SolutionGuid = {085E45DB-FBEB-46DC-AF20-1F3DA2A524AC}
	EndGlobalSection
EndGlobal
